
Microsoft Visual Studio Solution File, Format Version 12.00
# Visual Studio 15
VisualStudioVersion = 15.0.28307.779
MinimumVisualStudioVersion = 10.0.40219.1
Project("{888888A0-9F3D-457C-B088-3A5042F75D52}") = "PythonW4 1", "PythonW4 1\PythonW4 1.pyproj", "{DA08356B-FC22-43CB-9889-70E35F937C29}"
EndProject
Global
	GlobalSection(SolutionConfigurationPlatforms) = preSolution
		Debug|Any CPU = Debug|Any CPU
		Release|Any CPU = Release|Any CPU
	EndGlobalSection
	GlobalSection(ProjectConfigurationPlatforms) = postSolution
		{DA08356B-FC22-43CB-9889-70E35F937C29}.Debug|Any CPU.ActiveCfg = Debug|Any CPU
		{DA08356B-FC22-43CB-9889-70E35F937C29}.Release|Any CPU.ActiveCfg = Release|Any CPU
	EndGlobalSection
	GlobalSection(SolutionProperties) = preSolution
		HideSolutionNode = FALSE
	EndGlobalSection
	GlobalSection(ExtensibilityGlobals) = postSolution
		SolutionGuid = {C0BF63F4-A0E7-42A1-9498-7D4620C11C23}
	EndGlobalSection
EndGlobal
